{
  "name": "ex16_02",
  "version": "1.0.0",
  "lockfileVersion": 3,
  "requires": true,
  "packages": {
    "": {
      "name": "ex16_02",
      "version": "1.0.0",
      "license": "ISC",
      "dependencies": {
        "@techstark/opencv-js": "^4.11.0-release.1"
      }
    },
    "node_modules/@techstark/opencv-js": {
      "version": "4.11.0-release.1",
      "resolved": "https://registry.npmjs.org/@techstark/opencv-js/-/opencv-js-4.11.0-release.1.tgz",
      "integrity": "sha512-d5h8cMiSbbnme5+I1ta4++EJ3mkca1zkVNh0A4+5ASJYOmO5OhVPRX3oPnNzs9I3KyGVX7QeFU8gVoI7I0w8RQ=="
    }
  }
}
