{
  "name": "ex14_01",
  "version": "1.0.0",
  "lockfileVersion": 3,
  "requires": true,
  "packages": {
    "": {
      "name": "ex14_01",
      "version": "1.0.0",
      "license": "ISC",
      "dependencies": {
        "pyscript": "^1.0.6"
      }
    },
    "node_modules/pyscript": {
      "version": "1.0.6",
      "resolved": "https://registry.npmjs.org/pyscript/-/pyscript-1.0.6.tgz",
      "integrity": "sha512-MhwtHYjbhkQp8SfnCbSamu2FQOVXae5H7arBuvF1R5Cc4xen9j//FTVSvJ+8zJg/QYABsJhhd47D6CnVH/ko6w==",
      "bin": {
        "pyscript": "index.js"
      }
    }
  }
}
